{
  "name": "directus-extension-jev",
  "version": "0.1.1",
  "lockfileVersion": 3,
  "requires": true,
  "packages": {
    "": {
      "name": "directus-extension-jev",
      "version": "0.1.1",
      "license": "MIT",
      "dependencies": {
        "@gbesse/decisionpacks": "git+https://github.com/gbesse/decisionpacks.git#3c90b6e667c16653b9a6ae00b376df9bddbd8461"
      },
      "devDependencies": {
        "@directus/extensions": "4.0.4",
        "typescript": "5.9.3"
      },
      "engines": {
        "node": ">=22"
      }
    },
    "node_modules/@directus/ai": {
      "version": "1.3.2",
      "resolved": "https://registry.npmjs.org/@directus/ai/-/ai-1.3.2.tgz",
      "integrity": "sha512-HUCU24/MGcUP25T1O72IQM21vUqsA4/SjG83CmdpVfz9MJJGfq61qdi0ImLFMNsYSKE10lHhGwlRGsE+NejKUA==",
      "dev": true,
      "license": "MIT",
      "funding": {
        "url": "https://github.com/directus/directus?sponsor=1"
      }
    },
    "node_modules/@directus/constants": {
      "version": "14.4.1",
      "resolved": "https://registry.npmjs.org/@directus/constants/-/constants-14.4.1.tgz",
      "integrity": "sha512-6M/Pmy78IbtL3Ev2dmn5UJArhyGetl1i0GxnpAfla7/0oRn9xrUmxvGHNQJdiVoG54T9Lio6KP5zFF8b/8Iz2Q==",
      "dev": true,
      "license": "MIT",
      "funding": {
        "url": "https://github.com/directus/directus?sponsor=1"
      }
    },
    "node_modules/@directus/extensions": {
      "version": "4.0.4",
      "resolved": "https://registry.npmjs.org/@directus/extensions/-/extensions-4.0.4.tgz",
      "integrity": "sha512-YEL0R6wY879iUhpfp8S4tOeOwHz6z9CmnUXmuf+2RtexX4ciKgIwttX3TgtN12j9E+YbR74nkuGBhXeqoH/PDA==",
      "dev": true,
      "license": "MIT",
      "dependencies": {
        "@directus/constants": "14.4.1",
        "@directus/types": "16.2.0",
        "@directus/utils": "13.5.4",
        "fs-extra": "11.3.2",
        "lodash-es": "4.18.1",
        "zod": "4.1.12"
      },
      "funding": {
        "url": "https://github.com/directus/directus?sponsor=1"
      },
      "peerDependencies": {
        "knex": "3.1.0",
        "pino": "9.7.0",
        "vue": "3.5.24",
        "vue-router": "4.6.3"
      },
      "peerDependenciesMeta": {
        "knex": {
          "optional": true
        },
        "pino": {
          "optional": true
        },
        "vue": {
          "optional": true
        },
        "vue-router": {
          "optional": true
        }
      }
    },
    "node_modules/@directus/schema": {
      "version": "14.0.2",
      "resolved": "https://registry.npmjs.org/@directus/schema/-/schema-14.0.2.tgz",
      "integrity": "sha512-qHAtkAejvcPQCWaRpU9HqJs7Jm4gtxPujT2eB4L+RnTy8ESGjR0C4WvPbUWiXLjaWJbaWB0avFE0Dptzvz7Uzw==",
      "dev": true,
      "license": "SEE LICENSE IN license",
      "dependencies": {
        "knex": "3.1.0"
      },
      "funding": {
        "url": "https://github.com/directus/directus?sponsor=1"
      }
    },
    "node_modules/@directus/system-data": {
      "version": "4.6.1",
      "resolved": "https://registry.npmjs.org/@directus/system-data/-/system-data-4.6.1.tgz",
      "integrity": "sha512-0jWbG50Gdp/VDptK7EakpO19iuL371RAtls3I284VcY3E0fXuIT1js3JqfFUAqR66CbTYbSJMX3bP/MRwe35hA==",
      "dev": true,
      "license": "MIT",
      "funding": {
        "url": "https://github.com/directus/directus?sponsor=1"
      }
    },
    "node_modules/@directus/types": {
      "version": "16.2.0",
      "resolved": "https://registry.npmjs.org/@directus/types/-/types-16.2.0.tgz",
      "integrity": "sha512-BWkO6QqGvrLy4vKfOfCSEIACNJH4BWjb5OZykjNvWRjumAcyEsX//dYNRw4buv/oBiiD7AXQ/9KxXM1BK4FU5A==",
      "dev": true,
      "license": "MIT",
      "dependencies": {
        "@directus/ai": "1.3.2",
        "@directus/constants": "14.4.1",
        "@directus/schema": "14.0.2",
        "@types/archiver": "8.0.0",
        "@types/express": "4.17.21",
        "@types/geojson": "7946.0.16",
        "@types/nodemailer": "8.0.1",
        "@types/ws": "8.18.1",
        "zod": "4.1.12"
      },
      "funding": {
        "url": "https://github.com/directus/directus?sponsor=1"
      },
      "peerDependencies": {
        "deep-diff": "1.0.2",
        "express": "4.22.2",
        "graphql": "16.12.0",
        "knex": "3.1.0",
        "nodemailer": "9.0.3",
        "openapi3-ts": "4.5.0",
        "pino": "9.7.0",
        "sharp": "0.35.3",
        "vue": "3.5.24",
        "vue-router": "4.6.3",
        "ws": "8.21.0"
      },
      "peerDependenciesMeta": {
        "deep-diff": {
          "optional": true
        },
        "express": {
          "optional": true
        },
        "graphql": {
          "optional": true
        },
        "knex": {
          "optional": true
        },
        "nodemailer": {
          "optional": true
        },
        "openapi3-ts": {
          "optional": true
        },
        "pino": {
          "optional": true
        },
        "sharp": {
          "optional": true
        },
        "vue": {
          "optional": true
        },
        "vue-router": {
          "optional": true
        },
        "ws": {
          "optional": true
        }
      }
    },
    "node_modules/@directus/utils": {
      "version": "13.5.4",
      "resolved": "https://registry.npmjs.org/@directus/utils/-/utils-13.5.4.tgz",
      "integrity": "sha512-LYsiIOkqMBtZJiw8HwuO1HLDZN0WSVH71XuJ+fgI3sbZcYkniQjR76WBnuf2Ab7ZwjVK9Gh199FhegstwLjGAQ==",
      "dev": true,
      "license": "MIT",
      "dependencies": {
        "@directus/constants": "14.4.1",
        "@directus/system-data": "4.6.1",
        "date-fns": "4.1.0",
        "fs-extra": "11.3.2",
        "ipaddr.js": "2.4.0",
        "joi": "18.2.3",
        "js-yaml": "4.3.1",
        "lodash-es": "4.18.1",
        "micromustache": "8.0.3"
      },
      "funding": {
        "url": "https://github.com/directus/directus?sponsor=1"
      },
      "peerDependencies": {
        "vue": "3.5.24"
      },
      "peerDependenciesMeta": {
        "vue": {
          "optional": true
        }
      }
    },
    "node_modules/@gbesse/decisionpacks": {
      "version": "0.1.0",
      "resolved": "git+ssh://git@github.com/gbesse/decisionpacks.git#3c90b6e667c16653b9a6ae00b376df9bddbd8461",
      "integrity": "sha512-33VNJzp4nYf111ie5lknXEFK2IunhzfOnm/ENt+v5gOCSerdnxoeZXPHg6+rc1y3zoUFymUmCVEveUlnEwyZDQ==",
      "license": "MIT",
      "bin": {
        "decisionpacks": "bin/decisionpacks.mjs"
      },
      "engines": {
        "node": ">=22"
      }
    },
    "node_modules/@hapi/address": {
      "version": "5.1.1",
      "resolved": "https://registry.npmjs.org/@hapi/address/-/address-5.1.1.tgz",
      "integrity": "sha512-A+po2d/dVoY7cYajycYI43ZbYMXukuopIsqCjh5QzsBCipDtdofHntljDlpccMjIfTy6UOkg+5KPriwYch2bXA==",
      "dev": true,
      "license": "BSD-3-Clause",
      "dependencies": {
        "@hapi/hoek": "^11.0.2"
      },
      "engines": {
        "node": ">=14.0.0"
      }
    },
    "node_modules/@hapi/formula": {
      "version": "3.0.2",
      "resolved": "https://registry.npmjs.org/@hapi/formula/-/formula-3.0.2.tgz",
      "integrity": "sha512-hY5YPNXzw1He7s0iqkRQi+uMGh383CGdyyIGYtB+W5N3KHPXoqychklvHhKCC9M3Xtv0OCs/IHw+r4dcHtBYWw==",
      "dev": true,
      "license": "BSD-3-Clause"
    },
    "node_modules/@hapi/hoek": {
      "version": "11.0.7",
      "resolved": "https://registry.npmjs.org/@hapi/hoek/-/hoek-11.0.7.tgz",
      "integrity": "sha512-HV5undWkKzcB4RZUusqOpcgxOaq6VOAH7zhhIr2g3G8NF/MlFO75SjOr2NfuSx0Mh40+1FqCkagKLJRykUWoFQ==",
      "dev": true,
      "license": "BSD-3-Clause"
    },
    "node_modules/@hapi/pinpoint": {
      "version": "2.0.1",
      "resolved": "https://registry.npmjs.org/@hapi/pinpoint/-/pinpoint-2.0.1.tgz",
      "integrity": "sha512-EKQmr16tM8s16vTT3cA5L0kZZcTMU5DUOZTuvpnY738m+jyP3JIUj+Mm1xc1rsLkGBQ/gVnfKYPwOmPg1tUR4Q==",
      "dev": true,
      "license": "BSD-3-Clause"
    },
    "node_modules/@hapi/tlds": {
      "version": "1.1.7",
      "resolved": "https://registry.npmjs.org/@hapi/tlds/-/tlds-1.1.7.tgz",
      "integrity": "sha512-MgNjRwy9Ti92yVAixLmDc8dd1bJIKwO9qlWCfFQRwRmUEDPQHYn4G6hwPFvFGUTzAa0FsS+inMjLin7GnyBRhA==",
      "dev": true,
      "license": "BSD-3-Clause",
      "engines": {
        "node": ">=14.0.0"
      }
    },
    "node_modules/@hapi/topo": {
      "version": "6.0.2",
      "resolved": "https://registry.npmjs.org/@hapi/topo/-/topo-6.0.2.tgz",
      "integrity": "sha512-KR3rD5inZbGMrHmgPxsJ9dbi6zEK+C3ZwUwTa+eMwWLz7oijWUTWD2pMSNNYJAU6Qq+65NkxXjqHr/7LM2Xkqg==",
      "dev": true,
      "license": "BSD-3-Clause",
      "dependencies": {
        "@hapi/hoek": "^11.0.2"
      }
    },
    "node_modules/@standard-schema/spec": {
      "version": "1.1.0",
      "resolved": "https://registry.npmjs.org/@standard-schema/spec/-/spec-1.1.0.tgz",
      "integrity": "sha512-l2aFy5jALhniG5HgqrD6jXLi/rUWrKvqN/qJx6yoJsgKhblVd+iqqU4RCXavm/jPityDo5TCvKMnpjKnOriy0w==",
      "dev": true,
      "license": "MIT"
    },
    "node_modules/@types/archiver": {
      "version": "8.0.0",
      "resolved": "https://registry.npmjs.org/@types/archiver/-/archiver-8.0.0.tgz",
      "integrity": "sha512-YpXPbEuv9+eUIPPQWUPahj3cvs9isWRuF+J4z+KbdYVDO3rWorWQFxUVHnwPu2AgKwvgpki5F2VMX0Xx+mX45A==",
      "dev": true,
      "license": "MIT",
      "dependencies": {
        "@types/node": "*",
        "@types/readdir-glob": "*"
      }
    },
    "node_modules/@types/body-parser": {
      "version": "1.19.6",
      "resolved": "https://registry.npmjs.org/@types/body-parser/-/body-parser-1.19.6.tgz",
      "integrity": "sha512-HLFeCYgz89uk22N5Qg3dvGvsv46B8GLvKKo1zKG4NybA8U2DiEO3w9lqGg29t/tfLRJpJ6iQxnVw4OnB7MoM9g==",
      "dev": true,
      "license": "MIT",
      "dependencies": {
        "@types/connect": "*",
        "@types/node": "*"
      }
    },
    "node_modules/@types/connect": {
      "version": "3.4.38",
      "resolved": "https://registry.npmjs.org/@types/connect/-/connect-3.4.38.tgz",
      "integrity": "sha512-K6uROf1LD88uDQqJCktA4yzL1YYAK6NgfsI0v/mTgyPKWsX1CnJ0XPSDhViejru1GcRkLWb8RlzFYJRqGUbaug==",
      "dev": true,
      "license": "MIT",
      "dependencies": {
        "@types/node": "*"
      }
    },
    "node_modules/@types/express": {
      "version": "4.17.21",
      "resolved": "https://registry.npmjs.org/@types/express/-/express-4.17.21.tgz",
      "integrity": "sha512-ejlPM315qwLpaQlQDTjPdsUFSc6ZsP4AN6AlWnogPjQ7CVi7PYF3YVz+CY3jE2pwYf7E/7HlDAN0rV2GxTG0HQ==",
      "dev": true,
      "license": "MIT",
      "dependencies": {
        "@types/body-parser": "*",
        "@types/express-serve-static-core": "^4.17.33",
        "@types/qs": "*",
        "@types/serve-static": "*"
      }
    },
    "node_modules/@types/express-serve-static-core": {
      "version": "4.19.9",
      "resolved": "https://registry.npmjs.org/@types/express-serve-static-core/-/express-serve-static-core-4.19.9.tgz",
      "integrity": "sha512-QP2ESEe/ImWY0HDwNAnK9PvEffUyhLTnWkk7KXzHfyeWAnlrDe1fN77bXl6ia8KT3wPlmA7t9/VPRpnf4Ex9sg==",
      "dev": true,
      "license": "MIT",
      "dependencies": {
        "@types/node": "*",
        "@types/qs": "*",
        "@types/range-parser": "*",
        "@types/send": "*"
      }
    },
    "node_modules/@types/geojson": {
      "version": "7946.0.16",
      "resolved": "https://registry.npmjs.org/@types/geojson/-/geojson-7946.0.16.tgz",
      "integrity": "sha512-6C8nqWur3j98U6+lXDfTUWIfgvZU+EumvpHKcYjujKH7woYyLj2sUmff0tRhrqM7BohUw7Pz3ZB1jj2gW9Fvmg==",
      "dev": true,
      "license": "MIT"
    },
    "node_modules/@types/http-errors": {
      "version": "2.0.5",
      "resolved": "https://registry.npmjs.org/@types/http-errors/-/http-errors-2.0.5.tgz",
      "integrity": "sha512-r8Tayk8HJnX0FztbZN7oVqGccWgw98T/0neJphO91KkmOzug1KkofZURD4UaD5uH8AqcFLfdPErnBod0u71/qg==",
      "dev": true,
      "license": "MIT"
    },
    "node_modules/@types/node": {
      "version": "26.6.2",
      "resolved": "https://registry.npmjs.org/@types/node/-/node-26.6.2.tgz",
      "integrity": "sha512-X1P21scMv4zGKLYqjdGjaKa7COa0RKVYYZZN/NfvLQ1JegxFhdhpZG/Lyn8AXx6CDUavKAd11v6BvfpkDByK8g==",
      "dev": true,
      "license": "MIT",
      "dependencies": {
        "undici-types": "~8.9.0"
      }
    },
    "node_modules/@types/nodemailer": {
      "version": "8.0.1",
      "resolved": "https://registry.npmjs.org/@types/nodemailer/-/nodemailer-8.0.1.tgz",
      "integrity": "sha512-PxpaInm8V1JQDd4j0ds5HfvWQk8JupS1C0Picb96QJsrrRDjBH+DlK7L4ZdNSqNULhiZRQHc40nLVShaGxXAMw==",
      "dev": true,
      "license": "MIT",
      "dependencies": {
        "@types/node": "*"
      }
    },
    "node_modules/@types/qs": {
      "version": "6.15.1",
      "resolved": "https://registry.npmjs.org/@types/qs/-/qs-6.15.1.tgz",
      "integrity": "sha512-GZHUBZR9hckSUhrxmp1nG6NwdpM9fCunJwyThLW1X3AyHgd9IlHb6VANpQQqDr2o/qQp6McZ3y/IA2rVzKzSbw==",
      "dev": true,
      "license": "MIT"
    },
    "node_modules/@types/range-parser": {
      "version": "1.2.7",
      "resolved": "https://registry.npmjs.org/@types/range-parser/-/range-parser-1.2.7.tgz",
      "integrity": "sha512-hKormJbkJqzQGhziax5PItDUTMAM9uE2XXQmM37dyd4hVM+5aVl7oVxMVUiVQn2oCQFN/LKCZdvSM0pFRqbSmQ==",
      "dev": true,
      "license": "MIT"
    },
    "node_modules/@types/readdir-glob": {
      "version": "1.1.5",
      "resolved": "https://registry.npmjs.org/@types/readdir-glob/-/readdir-glob-1.1.5.tgz",
      "integrity": "sha512-raiuEPUYqXu+nvtY2Pe8s8FEmZ3x5yAH4VkLdihcPdalvsHltomrRC9BzuStrJ9yk06470hS0Crw0f1pXqD+Hg==",
      "dev": true,
      "license": "MIT",
      "dependencies": {
        "@types/node": "*"
      }
    },
    "node_modules/@types/send": {
      "version": "1.2.1",
      "resolved": "https://registry.npmjs.org/@types/send/-/send-1.2.1.tgz",
      "integrity": "sha512-arsCikDvlU99zl1g69TcAB3mzZPpxgw0UQnaHeC1Nwb015xp8bknZv5rIfri9xTOcMuaVgvabfIRA7PSZVuZIQ==",
      "dev": true,
      "license": "MIT",
      "dependencies": {
        "@types/node": "*"
      }
    },
    "node_modules/@types/serve-static": {
      "version": "2.2.0",
      "resolved": "https://registry.npmjs.org/@types/serve-static/-/serve-static-2.2.0.tgz",
      "integrity": "sha512-8mam4H1NHLtu7nmtalF7eyBH14QyOASmcxHhSfEoRyr0nP/YdoesEtU+uSRvMe96TW/HPTtkoKqQLl53N7UXMQ==",
      "dev": true,
      "license": "MIT",
      "dependencies": {
        "@types/http-errors": "*",
        "@types/node": "*"
      }
    },
    "node_modules/@types/ws": {
      "version": "8.18.1",
      "resolved": "https://registry.npmjs.org/@types/ws/-/ws-8.18.1.tgz",
      "integrity": "sha512-ThVF6DCVhA8kUGy+aazFQ4kXQ7E1Ty7A3ypFOe0IcJV8O/M511G99AW24irKrW56Wt44yG9+ij8FaqoBGkuBXg==",
      "dev": true,
      "license": "MIT",
      "dependencies": {
        "@types/node": "*"
      }
    },
    "node_modules/argparse": {
      "version": "2.0.1",
      "resolved": "https://registry.npmjs.org/argparse/-/argparse-2.0.1.tgz",
      "integrity": "sha512-8+9WqebbFzpX9OR+Wa6O29asIogeRMzcGtAINdpMHHyAg10f05aSFVBbcEqGf/PXw1EjAZ+q2/bEBg3DvurK3Q==",
      "dev": true,
      "license": "Python-2.0"
    },
    "node_modules/colorette": {
      "version": "2.0.19",
      "resolved": "https://registry.npmjs.org/colorette/-/colorette-2.0.19.tgz",
      "integrity": "sha512-3tlv/dIP7FWvj3BsbHrGLJ6l/oKh1O3TcgBqMn+yyCagOxc23fyzDS6HypQbgxWbkpDnf52p1LuR4eWDQ/K9WQ==",
      "dev": true,
      "license": "MIT"
    },
    "node_modules/commander": {
      "version": "10.0.1",
      "resolved": "https://registry.npmjs.org/commander/-/commander-10.0.1.tgz",
      "integrity": "sha512-y4Mg2tXshplEbSGzx7amzPwKKOCGuoSRP/CjEdwwk0FOGlUbq6lKuoyDZTNZkmxHdJtp54hdfY/JUrdL7Xfdug==",
      "dev": true,
      "license": "MIT",
      "engines": {
        "node": ">=14"
      }
    },
    "node_modules/date-fns": {
      "version": "4.1.0",
      "resolved": "https://registry.npmjs.org/date-fns/-/date-fns-4.1.0.tgz",
      "integrity": "sha512-Ukq0owbQXxa/U3EGtsdVBkR1w7KOQ5gIBqdH2hkvknzZPYvBxb/aa6E8L7tmjFtkwZBu3UXBbjIgPo/Ez4xaNg==",
      "dev": true,
      "license": "MIT",
      "funding": {
        "type": "github",
        "url": "https://github.com/sponsors/kossnocorp"
      }
    },
    "node_modules/debug": {
      "version": "4.3.4",
      "resolved": "https://registry.npmjs.org/debug/-/debug-4.3.4.tgz",
      "integrity": "sha512-PRWFHuSU3eDtQJPvnNY7Jcket1j0t5OuOsFzPPzsekD52Zl8qUfFIPEiswXqIvHWGVHOgX+7G/vCNNhehwxfkQ==",
      "dev": true,
      "license": "MIT",
      "dependencies": {
        "ms": "2.1.2"
      },
      "engines": {
        "node": ">=6.0"
      },
      "peerDependenciesMeta": {
        "supports-color": {
          "optional": true
        }
      }
    },
    "node_modules/es-errors": {
      "version": "1.3.0",
      "resolved": "https://registry.npmjs.org/es-errors/-/es-errors-1.3.0.tgz",
      "integrity": "sha512-Zf5H2Kxt2xjTvbJvP2ZWLEICxA6j+hAmMzIlypy4xcBg1vKVnx89Wy0GbS+kf5cwCVFFzdCFh2XSCFNULS6csw==",
      "dev": true,
      "license": "MIT",
      "engines": {
        "node": ">= 0.4"
      }
    },
    "node_modules/escalade": {
      "version": "3.2.0",
      "resolved": "https://registry.npmjs.org/escalade/-/escalade-3.2.0.tgz",
      "integrity": "sha512-WUj2qlxaQtO4g6Pq5c29GTcWGDyd8itL8zTlipgECz3JesAiiOKotd8JU6otB3PACgG6xkJUyVhboMS+bje/jA==",
      "dev": true,
      "license": "MIT",
      "engines": {
        "node": ">=6"
      }
    },
    "node_modules/esm": {
      "version": "3.2.25",
      "resolved": "https://registry.npmjs.org/esm/-/esm-3.2.25.tgz",
      "integrity": "sha512-U1suiZ2oDVWv4zPO56S0NcR5QriEahGtdN2OR6FiOG4WJvcjBVFB0qI4+eKoWFH483PKGuLuu6V8Z4T5g63UVA==",
      "dev": true,
      "license": "MIT",
      "engines": {
        "node": ">=6"
      }
    },
    "node_modules/fs-extra": {
      "version": "11.3.2",
      "resolved": "https://registry.npmjs.org/fs-extra/-/fs-extra-11.3.2.tgz",
      "integrity": "sha512-Xr9F6z6up6Ws+NjzMCZc6WXg2YFRlrLP9NQDO3VQrWrfiojdhS56TzueT88ze0uBdCTwEIhQ3ptnmKeWGFAe0A==",
      "dev": true,
      "license": "MIT",
      "dependencies": {
        "graceful-fs": "^4.2.0",
        "jsonfile": "^6.0.1",
        "universalify": "^2.0.0"
      },
      "engines": {
        "node": ">=14.14"
      }
    },
    "node_modules/function-bind": {
      "version": "1.1.2",
      "resolved": "https://registry.npmjs.org/function-bind/-/function-bind-1.1.2.tgz",
      "integrity": "sha512-7XHNxH7qX9xG5mIwxkhumTox/MIRNcOgDrxWsMt2pAr23WHp6MrRlN7FBSFpCpr+oVO0F744iUgR82nJMfG2SA==",
      "dev": true,
      "license": "MIT",
      "funding": {
        "url": "https://github.com/sponsors/ljharb"
      }
    },
    "node_modules/get-package-type": {
      "version": "0.1.0",
      "resolved": "https://registry.npmjs.org/get-package-type/-/get-package-type-0.1.0.tgz",
      "integrity": "sha512-pjzuKtY64GYfWizNAJ0fr9VqttZkNiK2iS430LtIHzjBEr6bX8Am2zm4sW4Ro5wjWW5cAlRL1qAMTcXbjNAO2Q==",
      "dev": true,
      "license": "MIT",
      "engines": {
        "node": ">=8.0.0"
      }
    },
    "node_modules/getopts": {
      "version": "2.3.0",
      "resolved": "https://registry.npmjs.org/getopts/-/getopts-2.3.0.tgz",
      "integrity": "sha512-5eDf9fuSXwxBL6q5HX+dhDj+dslFGWzU5thZ9kNKUkcPtaPdatmUFKwHFrLb/uf/WpA4BHET+AX3Scl56cAjpA==",
      "dev": true,
      "license": "MIT"
    },
    "node_modules/graceful-fs": {
      "version": "4.2.11",
      "resolved": "https://registry.npmjs.org/graceful-fs/-/graceful-fs-4.2.11.tgz",
      "integrity": "sha512-RbJ5/jmFcNNCcDV5o9eTnBLJ/HszWV0P73bc+Ff4nS/rJj+YaS6IGyiOL0VoBYX+l1Wrl3k63h/KrH+nhJ0XvQ==",
      "dev": true,
      "license": "ISC"
    },
    "node_modules/hasown": {
      "version": "2.0.4",
      "resolved": "https://registry.npmjs.org/hasown/-/hasown-2.0.4.tgz",
      "integrity": "sha512-T2UbfbBEF32wiepXIsMlTW9+dDYC6wMh/t/vYA4tuOMKqWz/n3vr1NFSxQiyP+zk2mXsoMA/i/7qV6LKut1t1A==",
      "dev": true,
      "license": "MIT",
      "dependencies": {
        "function-bind": "^1.1.2"
      },
      "engines": {
        "node": ">= 0.4"
      }
    },
    "node_modules/interpret": {
      "version": "2.2.0",
      "resolved": "https://registry.npmjs.org/interpret/-/interpret-2.2.0.tgz",
      "integrity": "sha512-Ju0Bz/cEia55xDwUWEa8+olFpCiQoypjnQySseKtmjNrnps3P+xfpUmGr90T7yjlVJmOtybRvPXhKMbHr+fWnw==",
      "dev": true,
      "license": "MIT",
      "engines": {
        "node": ">= 0.10"
      }
    },
    "node_modules/ipaddr.js": {
      "version": "2.4.0",
      "resolved": "https://registry.npmjs.org/ipaddr.js/-/ipaddr.js-2.4.0.tgz",
      "integrity": "sha512-9VGk3HGanVE6JoZXHiCpnGy5X0jYDnN4EA4lntFPj+1vIWlFhIylq2CrrCOJH9EAhc5CYhq18F2Av2tgoAPsYQ==",
      "dev": true,
      "license": "MIT",
      "engines": {
        "node": ">= 10"
      }
    },
    "node_modules/is-core-module": {
      "version": "2.17.0",
      "resolved": "https://registry.npmjs.org/is-core-module/-/is-core-module-2.17.0.tgz",
      "integrity": "sha512-J/vG0zBCbIKOQFfufSwyXdMrsohyJIUNkrnmo6WZGzoM7tr/lsbfW5b2BvisL6zsyMzK9UxV9L6c7AoFbyXHOA==",
      "dev": true,
      "license": "MIT",
      "dependencies": {
        "hasown": "^2.0.4"
      },
      "engines": {
        "node": ">= 0.4"
      },
      "funding": {
        "url": "https://github.com/sponsors/ljharb"
      }
    },
    "node_modules/joi": {
      "version": "18.2.9",
      "resolved": "https://registry.npmjs.org/joi/-/joi-18.2.9.tgz",
      "integrity": "sha512-2mD929bUVKUhOLQQEVhlf6EZ0Mlo0DeRb5MO7cViR9AXLtBauuccEtB1py9Ocxpo/P7ucnh442iY/iOwrh3IQw==",
      "dev": true,
      "license": "BSD-3-Clause",
      "dependencies": {
        "@hapi/address": "^5.1.1",
        "@hapi/formula": "^3.0.2",
        "@hapi/hoek": "^11.0.7",
        "@hapi/pinpoint": "^2.0.1",
        "@hapi/tlds": "^1.1.1",
        "@hapi/topo": "^6.0.2",
        "@standard-schema/spec": "^1.1.0"
      },
      "engines": {
        "node": ">= 20"
      }
    },
    "node_modules/js-yaml": {
      "version": "4.3.2",
      "resolved": "https://registry.npmjs.org/js-yaml/-/js-yaml-4.3.2.tgz",
      "integrity": "sha512-SFNOvSJ+Dgf/9An904Yx+CgSlIPCkIpao4qo51lpee25TIRejdH3rhR4EZMGoNx3/TP3O+wzWuiTFl4sqbltzA==",
      "dev": true,
      "funding": [
        {
          "type": "github",
          "url": "https://github.com/sponsors/puzrin"
        },
        {
          "type": "github",
          "url": "https://github.com/sponsors/nodeca"
        }
      ],
      "license": "MIT",
      "dependencies": {
        "argparse": "^2.0.1"
      },
      "bin": {
        "js-yaml": "bin/js-yaml.js"
      }
    },
    "node_modules/jsonfile": {
      "version": "6.2.1",
      "resolved": "https://registry.npmjs.org/jsonfile/-/jsonfile-6.2.1.tgz",
      "integrity": "sha512-zwOTdL3rFQ/lRdBnntKVOX6k5cKJwEc1HdilT71BWEu7J41gXIB2MRp+vxduPSwZJPWBxEzv4yH1wYLJGUHX4Q==",
      "dev": true,
      "license": "MIT",
      "dependencies": {
        "universalify": "^2.0.0"
      },
      "optionalDependencies": {
        "graceful-fs": "^4.1.6"
      }
    },
    "node_modules/knex": {
      "version": "3.1.0",
      "resolved": "https://registry.npmjs.org/knex/-/knex-3.1.0.tgz",
      "integrity": "sha512-GLoII6hR0c4ti243gMs5/1Rb3B+AjwMOfjYm97pu0FOQa7JH56hgBxYf5WK2525ceSbBY1cjeZ9yk99GPMB6Kw==",
      "dev": true,
      "license": "MIT",
      "dependencies": {
        "colorette": "2.0.19",
        "commander": "^10.0.0",
        "debug": "4.3.4",
        "escalade": "^3.1.1",
        "esm": "^3.2.25",
        "get-package-type": "^0.1.0",
        "getopts": "2.3.0",
        "interpret": "^2.2.0",
        "lodash": "^4.17.21",
        "pg-connection-string": "2.6.2",
        "rechoir": "^0.8.0",
        "resolve-from": "^5.0.0",
        "tarn": "^3.0.2",
        "tildify": "2.0.0"
      },
      "bin": {
        "knex": "bin/cli.js"
      },
      "engines": {
        "node": ">=16"
      },
      "peerDependenciesMeta": {
        "better-sqlite3": {
          "optional": true
        },
        "mysql": {
          "optional": true
        },
        "mysql2": {
          "optional": true
        },
        "pg": {
          "optional": true
        },
        "pg-native": {
          "optional": true
        },
        "sqlite3": {
          "optional": true
        },
        "tedious": {
          "optional": true
        }
      }
    },
    "node_modules/lodash": {
      "version": "4.18.1",
      "resolved": "https://registry.npmjs.org/lodash/-/lodash-4.18.1.tgz",
      "integrity": "sha512-dMInicTPVE8d1e5otfwmmjlxkZoUpiVLwyeTdUsi/Caj/gfzzblBcCE5sRHV/AsjuCmxWrte2TNGSYuCeCq+0Q==",
      "dev": true,
      "license": "MIT"
    },
    "node_modules/lodash-es": {
      "version": "4.18.1",
      "resolved": "https://registry.npmjs.org/lodash-es/-/lodash-es-4.18.1.tgz",
      "integrity": "sha512-J8xewKD/Gk22OZbhpOVSwcs60zhd95ESDwezOFuA3/099925PdHJ7OFHNTGtajL3AlZkykD32HykiMo+BIBI8A==",
      "dev": true,
      "license": "MIT"
    },
    "node_modules/micromustache": {
      "version": "8.0.3",
      "resolved": "https://registry.npmjs.org/micromustache/-/micromustache-8.0.3.tgz",
      "integrity": "sha512-SXjrEPuYNtWq0reR9LR2nHdzdQx/3re9HPcDGjm00L7hi2RsH5KMRBhYEBvPdyQC51RW/2TznjwX/sQLPPyHNw==",
      "dev": true,
      "license": "MIT",
      "engines": {
        "node": ">=8"
      },
      "funding": {
        "url": "https://github.com/userpixel/micromustache/blob/master/.github/FUNDING.yml"
      }
    },
    "node_modules/ms": {
      "version": "2.1.2",
      "resolved": "https://registry.npmjs.org/ms/-/ms-2.1.2.tgz",
      "integrity": "sha512-sGkPx+VjMtmA6MX27oA4FBFELFCZZ4S4XqeGOXCv68tT+jb3vk/RyaKWP0PTKyWtmLSM0b+adUTEvbs1PEaH2w==",
      "dev": true,
      "license": "MIT"
    },
    "node_modules/path-parse": {
      "version": "1.0.7",
      "resolved": "https://registry.npmjs.org/path-parse/-/path-parse-1.0.7.tgz",
      "integrity": "sha512-LDJzPVEEEPR+y48z93A0Ed0yXb8pAByGWo/k5YYdYgpY2/2EsOsksJrq7lOHxryrVOn1ejG6oAp8ahvOIQD8sw==",
      "dev": true,
      "license": "MIT"
    },
    "node_modules/pg-connection-string": {
      "version": "2.6.2",
      "resolved": "https://registry.npmjs.org/pg-connection-string/-/pg-connection-string-2.6.2.tgz",
      "integrity": "sha512-ch6OwaeaPYcova4kKZ15sbJ2hKb/VP48ZD2gE7i1J+L4MspCtBMAx8nMgz7bksc7IojCIIWuEhHibSMFH8m8oA==",
      "dev": true,
      "license": "MIT"
    },
    "node_modules/rechoir": {
      "version": "0.8.0",
      "resolved": "https://registry.npmjs.org/rechoir/-/rechoir-0.8.0.tgz",
      "integrity": "sha512-/vxpCXddiX8NGfGO/mTafwjq4aFa/71pvamip0++IQk3zG8cbCj0fifNPrjjF1XMXUne91jL9OoxmdykoEtifQ==",
      "dev": true,
      "license": "MIT",
      "dependencies": {
        "resolve": "^1.20.0"
      },
      "engines": {
        "node": ">= 10.13.0"
      }
    },
    "node_modules/resolve": {
      "version": "1.22.12",
      "resolved": "https://registry.npmjs.org/resolve/-/resolve-1.22.12.tgz",
      "integrity": "sha512-TyeJ1zif53BPfHootBGwPRYT1RUt6oGWsaQr8UyZW/eAm9bKoijtvruSDEmZHm92CwS9nj7/fWttqPCgzep8CA==",
      "dev": true,
      "license": "MIT",
      "dependencies": {
        "es-errors": "^1.3.0",
        "is-core-module": "^2.16.1",
        "path-parse": "^1.0.7",
        "supports-preserve-symlinks-flag": "^1.0.0"
      },
      "bin": {
        "resolve": "bin/resolve"
      },
      "engines": {
        "node": ">= 0.4"
      },
      "funding": {
        "url": "https://github.com/sponsors/ljharb"
      }
    },
    "node_modules/resolve-from": {
      "version": "5.0.0",
      "resolved": "https://registry.npmjs.org/resolve-from/-/resolve-from-5.0.0.tgz",
      "integrity": "sha512-qYg9KP24dD5qka9J47d0aVky0N+b4fTU89LN9iDnjB5waksiC49rvMB0PrUJQGoTmH50XPiqOvAjDfaijGxYZw==",
      "dev": true,
      "license": "MIT",
      "engines": {
        "node": ">=8"
      }
    },
    "node_modules/supports-preserve-symlinks-flag": {
      "version": "1.0.0",
      "resolved": "https://registry.npmjs.org/supports-preserve-symlinks-flag/-/supports-preserve-symlinks-flag-1.0.0.tgz",
      "integrity": "sha512-ot0WnXS9fgdkgIcePe6RHNk1WA8+muPa6cSjeR3V8K27q9BB1rTE3R1p7Hv0z1ZyAc8s6Vvv8DIyWf681MAt0w==",
      "dev": true,
      "license": "MIT",
      "engines": {
        "node": ">= 0.4"
      },
      "funding": {
        "url": "https://github.com/sponsors/ljharb"
      }
    },
    "node_modules/tarn": {
      "version": "3.1.2",
      "resolved": "https://registry.npmjs.org/tarn/-/tarn-3.1.2.tgz",
      "integrity": "sha512-3RTvqKZcK/17jnJ8rMKFXbyNogywTs1z0gVPPwFsJGX46rkmUHOdIaSQ/aVO1rS7nH+soiXiWk7rvUXxndm8Dg==",
      "dev": true,
      "license": "MIT",
      "engines": {
        "node": ">=8.0.0"
      }
    },
    "node_modules/tildify": {
      "version": "2.0.0",
      "resolved": "https://registry.npmjs.org/tildify/-/tildify-2.0.0.tgz",
      "integrity": "sha512-Cc+OraorugtXNfs50hU9KS369rFXCfgGLpfCfvlc+Ud5u6VWmUQsOAa9HbTvheQdYnrdJqqv1e5oIqXppMYnSw==",
      "dev": true,
      "license": "MIT",
      "engines": {
        "node": ">=8"
      }
    },
    "node_modules/typescript": {
      "version": "5.9.3",
      "resolved": "https://registry.npmjs.org/typescript/-/typescript-5.9.3.tgz",
      "integrity": "sha512-jl1vZzPDinLr9eUt3J/t7V6FgNEw9QjvBPdysz9KfQDD41fQrC2Y4vKQdiaUpFT4bXlb1RHhLpp8wtm6M5TgSw==",
      "dev": true,
      "license": "Apache-2.0",
      "bin": {
        "tsc": "bin/tsc",
        "tsserver": "bin/tsserver"
      },
      "engines": {
        "node": ">=14.17"
      }
    },
    "node_modules/undici-types": {
      "version": "8.9.0",
      "resolved": "https://registry.npmjs.org/undici-types/-/undici-types-8.9.0.tgz",
      "integrity": "sha512-KTDyRTYX8sWmKXAikPHHSyc63CRPETMctyjKFupcC6OBLXT3xsN0e9aF7m+mIXutFWpUXuedtowG7iLOzp0kQg==",
      "dev": true,
      "license": "MIT"
    },
    "node_modules/universalify": {
      "version": "2.0.1",
      "resolved": "https://registry.npmjs.org/universalify/-/universalify-2.0.1.tgz",
      "integrity": "sha512-gptHNQghINnc/vTGIk0SOFGFNXw7JVrlRUtConJRlvaw6DuX0wO5Jeko9sWrMBhh+PsYAZ7oXAiOnf/UKogyiw==",
      "dev": true,
      "license": "MIT",
      "engines": {
        "node": ">= 10.0.0"
      }
    },
    "node_modules/zod": {
      "version": "4.1.12",
      "resolved": "https://registry.npmjs.org/zod/-/zod-4.1.12.tgz",
      "integrity": "sha512-JInaHOamG8pt5+Ey8kGmdcAcg3OL9reK8ltczgHTAwNhMys/6ThXHityHxVV2p3fkw/c+MAvBHFVYHFZDmjMCQ==",
      "dev": true,
      "license": "MIT",
      "funding": {
        "url": "https://github.com/sponsors/colinhacks"
      }
    }
  }
}
